// !$*UTF8*$!
{
	archiveVersion = 1;
	classes = {
	};
	objectVersion = 56;
	objects = {

/* Begin PBXBuildFile section */
		A10001 /* ForkBookApp.swift in Sources */ = {isa = PBXBuildFile; fileRef = B10001 /* ForkBookApp.swift */; };
		A10002 /* ContentView.swift in Sources */ = {isa = PBXBuildFile; fileRef = B10002 /* ContentView.swift */; };
		A10003 /* Restaurant.swift in Sources */ = {isa = PBXBuildFile; fileRef = B10003 /* Restaurant.swift */; };
		A10004 /* RestaurantStore.swift in Sources */ = {isa = PBXBuildFile; fileRef = B10004 /* RestaurantStore.swift */; };
		A10005 /* RestaurantSearchService.swift in Sources */ = {isa = PBXBuildFile; fileRef = B10005 /* RestaurantSearchService.swift */; };
		A10011 /* ShareSheet.swift in Sources */ = {isa = PBXBuildFile; fileRef = B10011 /* ShareSheet.swift */; };
		A10012 /* Theme.swift in Sources */ = {isa = PBXBuildFile; fileRef = B10012 /* Theme.swift */; };
		A10013 /* CuisineDetector.swift in Sources */ = {isa = PBXBuildFile; fileRef = B10013 /* CuisineDetector.swift */; };
		A10016 /* PopularDishes.swift in Sources */ = {isa = PBXBuildFile; fileRef = B10016 /* PopularDishes.swift */; };
		A10017 /* LaunchScreenView.swift in Sources */ = {isa = PBXBuildFile; fileRef = B10017 /* LaunchScreenView.swift */; };
		A10018 /* RestaurantDishDB.swift in Sources */ = {isa = PBXBuildFile; fileRef = B10018 /* RestaurantDishDB.swift */; };
		A10019 /* GoogleService-Info.plist in Resources */ = {isa = PBXBuildFile; fileRef = B10019 /* GoogleService-Info.plist */; };
		A10020 /* Assets.xcassets in Resources */ = {isa = PBXBuildFile; fileRef = B10020 /* Assets.xcassets */; };
		A10023 /* DeepLinkManager.swift in Sources */ = {isa = PBXBuildFile; fileRef = B10023 /* DeepLinkManager.swift */; };
		A10050 /* SharedModels.swift in Sources */ = {isa = PBXBuildFile; fileRef = B10050 /* SharedModels.swift */; };
		A10088 /* PickEventLogger.swift in Sources */ = {isa = PBXBuildFile; fileRef = B10088 /* PickEventLogger.swift */; };
		A20099002FA0000000000003 /* MyPlacesTestView.swift in Sources */ = {isa = PBXBuildFile; fileRef = A20099002FA0000000000004 /* MyPlacesTestView.swift */; };
		A20099002FA0000000000005 /* AddPlaceTestFlow.swift in Sources */ = {isa = PBXBuildFile; fileRef = A20099002FA0000000000006 /* AddPlaceTestFlow.swift */; };
		A20099002FA0000000000007 /* HomeTestView.swift in Sources */ = {isa = PBXBuildFile; fileRef = A20099002FA0000000000008 /* HomeTestView.swift */; };
		A20099002FA0000000000009 /* SearchTestView.swift in Sources */ = {isa = PBXBuildFile; fileRef = A20099002FA000000000000A /* SearchTestView.swift */; };
		A20099002FA000000000000B /* TableTestView.swift in Sources */ = {isa = PBXBuildFile; fileRef = A20099002FA000000000000C /* TableTestView.swift */; };
		C0219F662F8A0C2800CAC08D /* MenuDataService.swift in Sources */ = {isa = PBXBuildFile; fileRef = C0219F652F8A0C2800CAC08D /* MenuDataService.swift */; };
		C0219F6A2F8F58DE00CAC08D /* OccasionClassifier.swift in Sources */ = {isa = PBXBuildFile; fileRef = C0219F692F8F58DE00CAC08D /* OccasionClassifier.swift */; };
		C0219F6C2F9209BF00CAC08D /* InviteLandingView.swift in Sources */ = {isa = PBXBuildFile; fileRef = C0219F6B2F9209BF00CAC08D /* InviteLandingView.swift */; };
		C0219F712F92117E00CAC08D /* ManageTableView.swift in Sources */ = {isa = PBXBuildFile; fileRef = C0219F6F2F92117E00CAC08D /* ManageTableView.swift */; };
		C0219F722F92117E00CAC08D /* NotificationsSettingsView.swift in Sources */ = {isa = PBXBuildFile; fileRef = C0219F702F92117E00CAC08D /* NotificationsSettingsView.swift */; };
		C0219F732F92117E00CAC08D /* AccountMenuView.swift in Sources */ = {isa = PBXBuildFile; fileRef = C0219F6D2F92117E00CAC08D /* AccountMenuView.swift */; };
		C0219F742F92117E00CAC08D /* EditProfileView.swift in Sources */ = {isa = PBXBuildFile; fileRef = C0219F6E2F92117E00CAC08D /* EditProfileView.swift */; };
		C0219F762F92120800CAC08D /* FlowLayout.swift in Sources */ = {isa = PBXBuildFile; fileRef = C0219F752F92120800CAC08D /* FlowLayout.swift */; };
		C0219F7A2F92EC7D00CAC08D /* MealWindow.swift in Sources */ = {isa = PBXBuildFile; fileRef = C0219F792F92EC7D00CAC08D /* MealWindow.swift */; };
		C0219F7D2F95AF8B00CAC08D /* Secrets.swift in Sources */ = {isa = PBXBuildFile; fileRef = C0219F7C2F95AF8B00CAC08D /* Secrets.swift */; };
		C0219F7E2F95AF8B00CAC08D /* PlacesResolver.swift in Sources */ = {isa = PBXBuildFile; fileRef = C0219F7B2F95AF8B00CAC08D /* PlacesResolver.swift */; };
		C061DCB62F7A4AC400DF79BD /* FirebaseAuth in Frameworks */ = {isa = PBXBuildFile; productRef = C061DCB52F7A4AC400DF79BD /* FirebaseAuth */; };
		C061DCB82F7A4AC400DF79BD /* FirebaseCore in Frameworks */ = {isa = PBXBuildFile; productRef = C061DCB72F7A4AC400DF79BD /* FirebaseCore */; };
		C061DCBA2F7A4AC400DF79BD /* FirebaseFirestore in Frameworks */ = {isa = PBXBuildFile; productRef = C061DCB92F7A4AC400DF79BD /* FirebaseFirestore */; };
		C07B97842F7A4FD5009FA238 /* FirebaseConfig.swift in Sources */ = {isa = PBXBuildFile; fileRef = C07B97802F7A4FD5009FA238 /* FirebaseConfig.swift */; };
		C07B97852F7A4FD5009FA238 /* AuthService.swift in Sources */ = {isa = PBXBuildFile; fileRef = C07B977F2F7A4FD5009FA238 /* AuthService.swift */; };
		C07B97862F7A4FD5009FA238 /* SignInView.swift in Sources */ = {isa = PBXBuildFile; fileRef = C07B97832F7A4FD5009FA238 /* SignInView.swift */; };
		C07B97882F7A4FD5009FA238 /* FirestoreService.swift in Sources */ = {isa = PBXBuildFile; fileRef = C07B97812F7A4FD5009FA238 /* FirestoreService.swift */; };
		C0C13E752F7E461F00A5DEFC /* TasteOnboardingView.swift in Sources */ = {isa = PBXBuildFile; fileRef = C0C13E742F7E461F00A5DEFC /* TasteOnboardingView.swift */; };
		C0C13E772F7E4D4E00A5DEFC /* FirebaseFunctions in Frameworks */ = {isa = PBXBuildFile; productRef = C0C13E762F7E4D4E00A5DEFC /* FirebaseFunctions */; };
		C0C13E792F7EC84400A5DEFC /* AskForkBookService.swift in Sources */ = {isa = PBXBuildFile; fileRef = C0C13E782F7EC84400A5DEFC /* AskForkBookService.swift */; };
		C0C13E812F7EC84500A5DEFC /* LocalSearchIndex.swift in Sources */ = {isa = PBXBuildFile; fileRef = C0C13E802F7EC84500A5DEFC /* LocalSearchIndex.swift */; };
		C0F0402E2F84B3AF00958ED9 /* MockTableData.swift in Sources */ = {isa = PBXBuildFile; fileRef = C0F0402D2F84B3AF00958ED9 /* MockTableData.swift */; };
		C0F040302F84BE7300958ED9 /* DebugClock.swift in Sources */ = {isa = PBXBuildFile; fileRef = C0F0402F2F84BE7300958ED9 /* DebugClock.swift */; };
		D0AVATAR2F80000000000001 /* AvatarView.swift in Sources */ = {isa = PBXBuildFile; fileRef = D0AVATAR2F80000000000002 /* AvatarView.swift */; };
		D0LOCMGR2F80000000000001 /* LocationManager.swift in Sources */ = {isa = PBXBuildFile; fileRef = D0LOCMGR2F80000000000002 /* LocationManager.swift */; };
		F12D9A1B0001000000000001 /* FriendProfileView.swift in Sources */ = {isa = PBXBuildFile; fileRef = F12D9A1B0001000000000002 /* FriendProfileView.swift */; };
		DD15A0010000000000000001 /* DishSelectionView.swift in Sources */ = {isa = PBXBuildFile; fileRef = DD15A0010000000000000002 /* DishSelectionView.swift */; };
/* End PBXBuildFile section */

/* Begin PBXFileReference section */
		A20099002FA0000000000004 /* MyPlacesTestView.swift */ = {isa = PBXFileReference; lastKnownFileType = sourcecode.swift; path = MyPlacesTestView.swift; sourceTree = "<group>"; };
		A20099002FA0000000000006 /* AddPlaceTestFlow.swift */ = {isa = PBXFileReference; lastKnownFileType = sourcecode.swift; path = AddPlaceTestFlow.swift; sourceTree = "<group>"; };
		A20099002FA0000000000008 /* HomeTestView.swift */ = {isa = PBXFileReference; lastKnownFileType = sourcecode.swift; path = HomeTestView.swift; sourceTree = "<group>"; };
		A20099002FA000000000000A /* SearchTestView.swift */ = {isa = PBXFileReference; lastKnownFileType = sourcecode.swift; path = SearchTestView.swift; sourceTree = "<group>"; };
		A20099002FA000000000000C /* TableTestView.swift */ = {isa = PBXFileReference; lastKnownFileType = sourcecode.swift; path = TableTestView.swift; sourceTree = "<group>"; };
		B10001 /* ForkBookApp.swift */ = {isa = PBXFileReference; lastKnownFileType = sourcecode.swift; path = ForkBookApp.swift; sourceTree = "<group>"; };
		B10002 /* ContentView.swift */ = {isa = PBXFileReference; lastKnownFileType = sourcecode.swift; path = ContentView.swift; sourceTree = "<group>"; };
		B10003 /* Restaurant.swift */ = {isa = PBXFileReference; lastKnownFileType = sourcecode.swift; path = Restaurant.swift; sourceTree = "<group>"; };
		B10004 /* RestaurantStore.swift */ = {isa = PBXFileReference; lastKnownFileType = sourcecode.swift; path = RestaurantStore.swift; sourceTree = "<group>"; };
		B10005 /* RestaurantSearchService.swift */ = {isa = PBXFileReference; lastKnownFileType = sourcecode.swift; path = RestaurantSearchService.swift; sourceTree = "<group>"; };
		B10011 /* ShareSheet.swift */ = {isa = PBXFileReference; lastKnownFileType = sourcecode.swift; path = ShareSheet.swift; sourceTree = "<group>"; };
		B10012 /* Theme.swift */ = {isa = PBXFileReference; lastKnownFileType = sourcecode.swift; path = Theme.swift; sourceTree = "<group>"; };
		B10013 /* CuisineDetector.swift */ = {isa = PBXFileReference; lastKnownFileType = sourcecode.swift; path = CuisineDetector.swift; sourceTree = "<group>"; };
		B10016 /* PopularDishes.swift */ = {isa = PBXFileReference; lastKnownFileType = sourcecode.swift; path = PopularDishes.swift; sourceTree = "<group>"; };
		B10017 /* LaunchScreenView.swift */ = {isa = PBXFileReference; lastKnownFileType = sourcecode.swift; path = LaunchScreenView.swift; sourceTree = "<group>"; };
		B10018 /* RestaurantDishDB.swift */ = {isa = PBXFileReference; lastKnownFileType = sourcecode.swift; path = RestaurantDishDB.swift; sourceTree = "<group>"; };
		B10019 /* GoogleService-Info.plist */ = {isa = PBXFileReference; lastKnownFileType = text.plist.xml; path = "GoogleService-Info.plist"; sourceTree = "<group>"; };
		B10020 /* Assets.xcassets */ = {isa = PBXFileReference; lastKnownFileType = folder.assetcatalog; path = Assets.xcassets; sourceTree = "<group>"; };
		B10023 /* DeepLinkManager.swift */ = {isa = PBXFileReference; lastKnownFileType = sourcecode.swift; path = DeepLinkManager.swift; sourceTree = "<group>"; };
		B10024 /* ForkBook.entitlements */ = {isa = PBXFileReference; lastKnownFileType = text.plist.entitlements; path = ForkBook.entitlements; sourceTree = "<group>"; };
		B10050 /* SharedModels.swift */ = {isa = PBXFileReference; lastKnownFileType = sourcecode.swift; path = SharedModels.swift; sourceTree = "<group>"; };
		B10088 /* PickEventLogger.swift */ = {isa = PBXFileReference; lastKnownFileType = sourcecode.swift; path = PickEventLogger.swift; sourceTree = "<group>"; };
		C0219F652F8A0C2800CAC08D /* MenuDataService.swift */ = {isa = PBXFileReference; lastKnownFileType = sourcecode.swift; path = MenuDataService.swift; sourceTree = "<group>"; };
		C0219F692F8F58DE00CAC08D /* OccasionClassifier.swift */ = {isa = PBXFileReference; lastKnownFileType = sourcecode.swift; path = OccasionClassifier.swift; sourceTree = "<group>"; };
		C0219F6B2F9209BF00CAC08D /* InviteLandingView.swift */ = {isa = PBXFileReference; lastKnownFileType = sourcecode.swift; path = InviteLandingView.swift; sourceTree = "<group>"; };
		C0219F6D2F92117E00CAC08D /* AccountMenuView.swift */ = {isa = PBXFileReference; lastKnownFileType = sourcecode.swift; path = AccountMenuView.swift; sourceTree = "<group>"; };
		C0219F6E2F92117E00CAC08D /* EditProfileView.swift */ = {isa = PBXFileReference; lastKnownFileType = sourcecode.swift; path = EditProfileView.swift; sourceTree = "<group>"; };
		C0219F6F2F92117E00CAC08D /* ManageTableView.swift */ = {isa = PBXFileReference; lastKnownFileType = sourcecode.swift; path = ManageTableView.swift; sourceTree = "<group>"; };
		C0219F702F92117E00CAC08D /* NotificationsSettingsView.swift */ = {isa = PBXFileReference; lastKnownFileType = sourcecode.swift; path = NotificationsSettingsView.swift; sourceTree = "<group>"; };
		C0219F752F92120800CAC08D /* FlowLayout.swift */ = {isa = PBXFileReference; lastKnownFileType = sourcecode.swift; path = FlowLayout.swift; sourceTree = "<group>"; };
		C0219F792F92EC7D00CAC08D /* MealWindow.swift */ = {isa = PBXFileReference; lastKnownFileType = sourcecode.swift; path = MealWindow.swift; sourceTree = "<group>"; };
		C0219F7B2F95AF8B00CAC08D /* PlacesResolver.swift */ = {isa = PBXFileReference; lastKnownFileType = sourcecode.swift; path = PlacesResolver.swift; sourceTree = "<group>"; };
		C0219F7C2F95AF8B00CAC08D /* Secrets.swift */ = {isa = PBXFileReference; lastKnownFileType = sourcecode.swift; path = Secrets.swift; sourceTree = "<group>"; };
		C07B977F2F7A4FD5009FA238 /* AuthService.swift */ = {isa = PBXFileReference; lastKnownFileType = sourcecode.swift; path = AuthService.swift; sourceTree = "<group>"; };
		C07B97802F7A4FD5009FA238 /* FirebaseConfig.swift */ = {isa = PBXFileReference; lastKnownFileType = sourcecode.swift; path = FirebaseConfig.swift; sourceTree = "<group>"; };
		C07B97812F7A4FD5009FA238 /* FirestoreService.swift */ = {isa = PBXFileReference; lastKnownFileType = sourcecode.swift; path = FirestoreService.swift; sourceTree = "<group>"; };
		C07B97832F7A4FD5009FA238 /* SignInView.swift */ = {isa = PBXFileReference; lastKnownFileType = sourcecode.swift; path = SignInView.swift; sourceTree = "<group>"; };
		C0C13E702F7CED7700A5DEFC /* Info.plist */ = {isa = PBXFileReference; lastKnownFileType = text.plist.xml; path = Info.plist; sourceTree = "<group>"; };
		C0C13E742F7E461F00A5DEFC /* TasteOnboardingView.swift */ = {isa = PBXFileReference; lastKnownFileType = sourcecode.swift; path = TasteOnboardingView.swift; sourceTree = "<group>"; };
		C0C13E782F7EC84400A5DEFC /* AskForkBookService.swift */ = {isa = PBXFileReference; lastKnownFileType = sourcecode.swift; path = AskForkBookService.swift; sourceTree = "<group>"; };
		C0C13E802F7EC84500A5DEFC /* LocalSearchIndex.swift */ = {isa = PBXFileReference; lastKnownFileType = sourcecode.swift; path = LocalSearchIndex.swift; sourceTree = "<group>"; };
		C0F0402D2F84B3AF00958ED9 /* MockTableData.swift */ = {isa = PBXFileReference; lastKnownFileType = sourcecode.swift; path = MockTableData.swift; sourceTree = "<group>"; };
		C0F0402F2F84BE7300958ED9 /* DebugClock.swift */ = {isa = PBXFileReference; lastKnownFileType = sourcecode.swift; path = DebugClock.swift; sourceTree = "<group>"; };
		C10001 /* ForkBook.app */ = {isa = PBXFileReference; explicitFileType = wrapper.application; includeInIndex = 0; path = ForkBook.app; sourceTree = BUILT_PRODUCTS_DIR; };
		D0AVATAR2F80000000000002 /* AvatarView.swift */ = {isa = PBXFileReference; lastKnownFileType = sourcecode.swift; path = AvatarView.swift; sourceTree = "<group>"; };
		D0LOCMGR2F80000000000002 /* LocationManager.swift */ = {isa = PBXFileReference; lastKnownFileType = sourcecode.swift; path = LocationManager.swift; sourceTree = "<group>"; };
		F12D9A1B0001000000000002 /* FriendProfileView.swift */ = {isa = PBXFileReference; lastKnownFileType = sourcecode.swift; path = FriendProfileView.swift; sourceTree = "<group>"; };
		DD15A0010000000000000002 /* DishSelectionView.swift */ = {isa = PBXFileReference; lastKnownFileType = sourcecode.swift; path = DishSelectionView.swift; sourceTree = "<group>"; };
/* End PBXFileReference section */

/* Begin PBXFrameworksBuildPhase section */
		D10001 /* Frameworks */ = {
			isa = PBXFrameworksBuildPhase;
			buildActionMask = 2147483647;
			files = (
				C061DCB82F7A4AC400DF79BD /* FirebaseCore in Frameworks */,
				C061DCB62F7A4AC400DF79BD /* FirebaseAuth in Frameworks */,
				C061DCBA2F7A4AC400DF79BD /* FirebaseFirestore in Frameworks */,
				C0C13E772F7E4D4E00A5DEFC /* FirebaseFunctions in Frameworks */,
			);
			runOnlyForDeploymentPostprocessing = 0;
		};
/* End PBXFrameworksBuildPhase section */

/* Begin PBXGroup section */
		C061DCB32F7A4A2400DF79BD /* Frameworks */ = {
			isa = PBXGroup;
			children = (
			);
			name = Frameworks;
			sourceTree = "<group>";
		};
		E10001 = {
			isa = PBXGroup;
			children = (
				E10002 /* ForkBook */,
				C061DCB32F7A4A2400DF79BD /* Frameworks */,
				E10003 /* Products */,
			);
			sourceTree = "<group>";
		};
		E10002 /* ForkBook */ = {
			isa = PBXGroup;
			children = (
				C0219F7B2F95AF8B00CAC08D /* PlacesResolver.swift */,
				C0219F7C2F95AF8B00CAC08D /* Secrets.swift */,
				C0219F792F92EC7D00CAC08D /* MealWindow.swift */,
				C0219F752F92120800CAC08D /* FlowLayout.swift */,
				C0219F6D2F92117E00CAC08D /* AccountMenuView.swift */,
				C0219F6E2F92117E00CAC08D /* EditProfileView.swift */,
				C0219F6F2F92117E00CAC08D /* ManageTableView.swift */,
				C0219F702F92117E00CAC08D /* NotificationsSettingsView.swift */,
				C0219F6B2F9209BF00CAC08D /* InviteLandingView.swift */,
				C0219F692F8F58DE00CAC08D /* OccasionClassifier.swift */,
				C0219F652F8A0C2800CAC08D /* MenuDataService.swift */,
				C0F0402F2F84BE7300958ED9 /* DebugClock.swift */,
				C0F0402D2F84B3AF00958ED9 /* MockTableData.swift */,
				A20099002FA0000000000004 /* MyPlacesTestView.swift */,
				A20099002FA0000000000006 /* AddPlaceTestFlow.swift */,
				A20099002FA0000000000008 /* HomeTestView.swift */,
				A20099002FA000000000000A /* SearchTestView.swift */,
				A20099002FA000000000000C /* TableTestView.swift */,
				F12D9A1B0001000000000002 /* FriendProfileView.swift */,
				DD15A0010000000000000002 /* DishSelectionView.swift */,
				C0C13E782F7EC84400A5DEFC /* AskForkBookService.swift */,
				C0C13E802F7EC84500A5DEFC /* LocalSearchIndex.swift */,
				D0AVATAR2F80000000000002 /* AvatarView.swift */,
				D0LOCMGR2F80000000000002 /* LocationManager.swift */,
				C0C13E742F7E461F00A5DEFC /* TasteOnboardingView.swift */,
				C0C13E702F7CED7700A5DEFC /* Info.plist */,
				C07B977F2F7A4FD5009FA238 /* AuthService.swift */,
				C07B97802F7A4FD5009FA238 /* FirebaseConfig.swift */,
				C07B97812F7A4FD5009FA238 /* FirestoreService.swift */,
				C07B97832F7A4FD5009FA238 /* SignInView.swift */,
				B10001 /* ForkBookApp.swift */,
				B10002 /* ContentView.swift */,
				B10012 /* Theme.swift */,
				B10050 /* SharedModels.swift */,
				B10088 /* PickEventLogger.swift */,
				B10013 /* CuisineDetector.swift */,
				B10003 /* Restaurant.swift */,
				B10004 /* RestaurantStore.swift */,
				B10005 /* RestaurantSearchService.swift */,
				B10023 /* DeepLinkManager.swift */,
				B10011 /* ShareSheet.swift */,
				B10016 /* PopularDishes.swift */,
				B10017 /* LaunchScreenView.swift */,
				B10018 /* RestaurantDishDB.swift */,
				B10019 /* GoogleService-Info.plist */,
				B10020 /* Assets.xcassets */,
				B10024 /* ForkBook.entitlements */,
			);
			path = ForkBook;
			sourceTree = "<group>";
		};
		E10003 /* Products */ = {
			isa = PBXGroup;
			children = (
				C10001 /* ForkBook.app */,
			);
			name = Products;
			sourceTree = "<group>";
		};
/* End PBXGroup section */

/* Begin PBXNativeTarget section */
		F10001 /* ForkBook */ = {
			isa = PBXNativeTarget;
			buildConfigurationList = G10003 /* Build configuration list for PBXNativeTarget "ForkBook" */;
			buildPhases = (
				F10002 /* Sources */,
				D10001 /* Frameworks */,
				F10003 /* Resources */,
			);
			buildRules = (
			);
			dependencies = (
			);
			name = ForkBook;
			productName = ForkBook;
			productReference = C10001 /* ForkBook.app */;
			productType = "com.apple.product-type.application";
		};
/* End PBXNativeTarget section */

/* Begin PBXProject section */
		H10001 /* Project object */ = {
			isa = PBXProject;
			attributes = {
				BuildIndependentTargetsInParallel = 1;
				LastSwiftUpdateCheck = 1600;
				LastUpgradeCheck = 1600;
				TargetAttributes = {
					F10001 = {
						CreatedOnToolsVersion = 16.0;
					};
				};
			};
			buildConfigurationList = G10001 /* Build configuration list for PBXProject "ForkBook" */;
			compatibilityVersion = "Xcode 14.0";
			developmentRegion = en;
			hasScannedForEncodings = 0;
			knownRegions = (
				en,
				Base,
			);
			mainGroup = E10001;
			packageReferences = (
				C061DCB42F7A4AA100DF79BD /* XCRemoteSwiftPackageReference "firebase-ios-sdk" */,
			);
			productRefGroup = E10003 /* Products */;
			projectDirPath = "";
			projectRoot = "";
			targets = (
				F10001 /* ForkBook */,
			);
		};
/* End PBXProject section */

/* Begin PBXResourcesBuildPhase section */
		F10003 /* Resources */ = {
			isa = PBXResourcesBuildPhase;
			buildActionMask = 2147483647;
			files = (
				A10019 /* GoogleService-Info.plist in Resources */,
				A10020 /* Assets.xcassets in Resources */,
			);
			runOnlyForDeploymentPostprocessing = 0;
		};
/* End PBXResourcesBuildPhase section */

/* Begin PBXSourcesBuildPhase section */
		F10002 /* Sources */ = {
			isa = PBXSourcesBuildPhase;
			buildActionMask = 2147483647;
			files = (
				A10001 /* ForkBookApp.swift in Sources */,
				A10002 /* ContentView.swift in Sources */,
				A10003 /* Restaurant.swift in Sources */,
				C0219F7D2F95AF8B00CAC08D /* Secrets.swift in Sources */,
				C0219F7E2F95AF8B00CAC08D /* PlacesResolver.swift in Sources */,
				C0219F762F92120800CAC08D /* FlowLayout.swift in Sources */,
				A10004 /* RestaurantStore.swift in Sources */,
				A10005 /* RestaurantSearchService.swift in Sources */,
				C0219F712F92117E00CAC08D /* ManageTableView.swift in Sources */,
				C0219F722F92117E00CAC08D /* NotificationsSettingsView.swift in Sources */,
				C0219F732F92117E00CAC08D /* AccountMenuView.swift in Sources */,
				C0219F742F92117E00CAC08D /* EditProfileView.swift in Sources */,
				C0C13E752F7E461F00A5DEFC /* TasteOnboardingView.swift in Sources */,
				A20099002FA0000000000003 /* MyPlacesTestView.swift in Sources */,
				A20099002FA0000000000005 /* AddPlaceTestFlow.swift in Sources */,
				A20099002FA0000000000007 /* HomeTestView.swift in Sources */,
				A20099002FA0000000000009 /* SearchTestView.swift in Sources */,
				A20099002FA000000000000B /* TableTestView.swift in Sources */,
				F12D9A1B0001000000000001 /* FriendProfileView.swift in Sources */,
				DD15A0010000000000000001 /* DishSelectionView.swift in Sources */,
				A10023 /* DeepLinkManager.swift in Sources */,
				A10011 /* ShareSheet.swift in Sources */,
				A10012 /* Theme.swift in Sources */,
				A10050 /* SharedModels.swift in Sources */,
				A10088 /* PickEventLogger.swift in Sources */,
				C07B97842F7A4FD5009FA238 /* FirebaseConfig.swift in Sources */,
				C07B97852F7A4FD5009FA238 /* AuthService.swift in Sources */,
				C07B97862F7A4FD5009FA238 /* SignInView.swift in Sources */,
				C0F0402E2F84B3AF00958ED9 /* MockTableData.swift in Sources */,
				C07B97882F7A4FD5009FA238 /* FirestoreService.swift in Sources */,
				C0219F6A2F8F58DE00CAC08D /* OccasionClassifier.swift in Sources */,
				A10013 /* CuisineDetector.swift in Sources */,
				C0F040302F84BE7300958ED9 /* DebugClock.swift in Sources */,
				C0219F662F8A0C2800CAC08D /* MenuDataService.swift in Sources */,
				C0219F6C2F9209BF00CAC08D /* InviteLandingView.swift in Sources */,
				D0AVATAR2F80000000000001 /* AvatarView.swift in Sources */,
				D0LOCMGR2F80000000000001 /* LocationManager.swift in Sources */,
				C0C13E792F7EC84400A5DEFC /* AskForkBookService.swift in Sources */,
				C0C13E812F7EC84500A5DEFC /* LocalSearchIndex.swift in Sources */,
				A10016 /* PopularDishes.swift in Sources */,
				A10017 /* LaunchScreenView.swift in Sources */,
				A10018 /* RestaurantDishDB.swift in Sources */,
				C0219F7A2F92EC7D00CAC08D /* MealWindow.swift in Sources */,
			);
			runOnlyForDeploymentPostprocessing = 0;
		};
/* End PBXSourcesBuildPhase section */

/* Begin XCBuildConfiguration section */
		I10001 /* Debug */ = {
			isa = XCBuildConfiguration;
			buildSettings = {
				ALWAYS_SEARCH_USER_PATHS = NO;
				ASSETCATALOG_COMPILER_GENERATE_SWIFT_ASSET_SYMBOL_EXTENSIONS = YES;
				CLANG_ANALYZER_NONNULL = YES;
				CLANG_ANALYZER_NUMBER_OBJECT_CONVERSION = YES_AGGRESSIVE;
				CLANG_CXX_LANGUAGE_STANDARD = "gnu++20";
				CLANG_ENABLE_MODULES = YES;
				CLANG_ENABLE_OBJC_ARC = YES;
				CLANG_ENABLE_OBJC_WEAK = YES;
				CLANG_WARN_BLOCK_CAPTURE_AUTORELEASING = YES;
				CLANG_WARN_BOOL_CONVERSION = YES;
				CLANG_WARN_COMMA = YES;
				CLANG_WARN_CONSTANT_CONVERSION = YES;
				CLANG_WARN_DEPRECATED_OBJC_IMPLEMENTATIONS = YES;
				CLANG_WARN_DIRECT_OBJC_ISA_USAGE = YES_ERROR;
				CLANG_WARN_DOCUMENTATION_COMMENTS = YES;
				CLANG_WARN_EMPTY_BODY = YES;
				CLANG_WARN_ENUM_CONVERSION = YES;
				CLANG_WARN_INFINITE_RECURSION = YES;
				CLANG_WARN_INT_CONVERSION = YES;
				CLANG_WARN_NON_LITERAL_NULL_CONVERSION = YES;
				CLANG_WARN_OBJC_IMPLICIT_RETAIN_SELF = YES;
				CLANG_WARN_OBJC_LITERAL_CONVERSION = YES;
				CLANG_WARN_OBJC_ROOT_CLASS = YES_ERROR;
				CLANG_WARN_QUOTED_INCLUDE_IN_FRAMEWORK_HEADER = YES;
				CLANG_WARN_RANGE_LOOP_ANALYSIS = YES;
				CLANG_WARN_STRICT_PROTOTYPES = YES;
				CLANG_WARN_SUSPICIOUS_MOVE = YES;
				CLANG_WARN_UNGUARDED_AVAILABILITY = YES_AGGRESSIVE;
				CLANG_WARN_UNREACHABLE_CODE = YES;
				CLANG_WARN__DUPLICATE_METHOD_MATCH = YES;
				COPY_PHASE_STRIP = NO;
				DEBUG_INFORMATION_FORMAT = dwarf;
				ENABLE_STRICT_OBJC_MSGSEND = YES;
				ENABLE_TESTABILITY = YES;
				ENABLE_USER_SCRIPT_SANDBOXING = YES;
				GCC_C_LANGUAGE_STANDARD = gnu17;
				GCC_DYNAMIC_NO_PIC = NO;
				GCC_NO_COMMON_BLOCKS = YES;
				GCC_OPTIMIZATION_LEVEL = 0;
				GCC_PREPROCESSOR_DEFINITIONS = (
					"DEBUG=1",
					"$(inherited)",
				);
				GCC_WARN_64_TO_32_BIT_CONVERSION = YES;
				GCC_WARN_ABOUT_RETURN_TYPE = YES_ERROR;
				GCC_WARN_UNDECLARED_SELECTOR = YES;
				GCC_WARN_UNINITIALIZED_AUTOS = YES_AGGRESSIVE;
				GCC_WARN_UNUSED_FUNCTION = YES;
				GCC_WARN_UNUSED_VARIABLE = YES;
				IPHONEOS_DEPLOYMENT_TARGET = 17.0;
				LOCALIZATION_PREFERS_STRING_CATALOGS = YES;
				MTL_ENABLE_DEBUG_INFO = INCLUDE_SOURCE;
				MTL_FAST_MATH = YES;
				ONLY_ACTIVE_ARCH = YES;
				SDKROOT = iphoneos;
				SWIFT_ACTIVE_COMPILATION_CONDITIONS = "DEBUG $(inherited)";
				SWIFT_OPTIMIZATION_LEVEL = "-Onone";
			};
			name = Debug;
		};
		I10002 /* Release */ = {
			isa = XCBuildConfiguration;
			buildSettings = {
				ALWAYS_SEARCH_USER_PATHS = NO;
				ASSETCATALOG_COMPILER_GENERATE_SWIFT_ASSET_SYMBOL_EXTENSIONS = YES;
				CLANG_ANALYZER_NONNULL = YES;
				CLANG_ANALYZER_NUMBER_OBJECT_CONVERSION = YES_AGGRESSIVE;
				CLANG_CXX_LANGUAGE_STANDARD = "gnu++20";
				CLANG_ENABLE_MODULES = YES;
				CLANG_ENABLE_OBJC_ARC = YES;
				CLANG_ENABLE_OBJC_WEAK = YES;
				CLANG_WARN_BLOCK_CAPTURE_AUTORELEASING = YES;
				CLANG_WARN_BOOL_CONVERSION = YES;
				CLANG_WARN_COMMA = YES;
				CLANG_WARN_CONSTANT_CONVERSION = YES;
				CLANG_WARN_DEPRECATED_OBJC_IMPLEMENTATIONS = YES;
				CLANG_WARN_DIRECT_OBJC_ISA_USAGE = YES_ERROR;
				CLANG_WARN_DOCUMENTATION_COMMENTS = YES;
				CLANG_WARN_EMPTY_BODY = YES;
				CLANG_WARN_ENUM_CONVERSION = YES;
				CLANG_WARN_INFINITE_RECURSION = YES;
				CLANG_WARN_INT_CONVERSION = YES;
				CLANG_WARN_NON_LITERAL_NULL_CONVERSION = YES;
				CLANG_WARN_OBJC_IMPLICIT_RETAIN_SELF = YES;
				CLANG_WARN_OBJC_LITERAL_CONVERSION = YES;
				CLANG_WARN_OBJC_ROOT_CLASS = YES_ERROR;
				CLANG_WARN_QUOTED_INCLUDE_IN_FRAMEWORK_HEADER = YES;
				CLANG_WARN_RANGE_LOOP_ANALYSIS = YES;
				CLANG_WARN_STRICT_PROTOTYPES = YES;
				CLANG_WARN_SUSPICIOUS_MOVE = YES;
				CLANG_WARN_UNGUARDED_AVAILABILITY = YES_AGGRESSIVE;
				CLANG_WARN_UNREACHABLE_CODE = YES;
				CLANG_WARN__DUPLICATE_METHOD_MATCH = YES;
				COPY_PHASE_STRIP = NO;
				DEBUG_INFORMATION_FORMAT = "dwarf-with-dsym";
				ENABLE_NS_ASSERTIONS = NO;
				ENABLE_STRICT_OBJC_MSGSEND = YES;
				ENABLE_USER_SCRIPT_SANDBOXING = YES;
				GCC_C_LANGUAGE_STANDARD = gnu17;
				GCC_NO_COMMON_BLOCKS = YES;
				GCC_WARN_64_TO_32_BIT_CONVERSION = YES;
				GCC_WARN_ABOUT_RETURN_TYPE = YES_ERROR;
				GCC_WARN_UNDECLARED_SELECTOR = YES;
				GCC_WARN_UNINITIALIZED_AUTOS = YES_AGGRESSIVE;
				GCC_WARN_UNUSED_FUNCTION = YES;
				GCC_WARN_UNUSED_VARIABLE = YES;
				IPHONEOS_DEPLOYMENT_TARGET = 17.0;
				LOCALIZATION_PREFERS_STRING_CATALOGS = YES;
				MTL_ENABLE_DEBUG_INFO = NO;
				MTL_FAST_MATH = YES;
				SDKROOT = iphoneos;
				SWIFT_COMPILATION_MODE = wholemodule;
				VALIDATE_PRODUCT = YES;
			};
			name = Release;
		};
		I10003 /* Debug */ = {
			isa = XCBuildConfiguration;
			buildSettings = {
				ASSETCATALOG_COMPILER_APPICON_NAME = AppIcon;
				ASSETCATALOG_COMPILER_GLOBAL_ACCENT_COLOR_NAME = AccentColor;
				CODE_SIGN_ENTITLEMENTS = ForkBook/ForkBook.entitlements;
				CODE_SIGN_STYLE = Automatic;
				CURRENT_PROJECT_VERSION = 2;
				DEVELOPMENT_TEAM = MNM27Y9D68;
				ENABLE_PREVIEWS = YES;
				GENERATE_INFOPLIST_FILE = YES;
				INFOPLIST_FILE = ForkBook/Info.plist;
				INFOPLIST_KEY_CFBundleDisplayName = ForkBook;
				INFOPLIST_KEY_NSLocationWhenInUseUsageDescription = "ForkBook uses your location to show nearby restaurants from your table.";
				INFOPLIST_KEY_UIApplicationSceneManifest_Generation = YES;
				INFOPLIST_KEY_UIApplicationSupportsIndirectInputEvents = YES;
				INFOPLIST_KEY_UISupportedInterfaceOrientations_iPad = "UIInterfaceOrientationPortrait UIInterfaceOrientationPortraitUpsideDown UIInterfaceOrientationLandscapeLeft UIInterfaceOrientationLandscapeRight";
				INFOPLIST_KEY_UISupportedInterfaceOrientations_iPhone = "UIInterfaceOrientationPortrait UIInterfaceOrientationLandscapeLeft UIInterfaceOrientationLandscapeRight";
				LD_RUNPATH_SEARCH_PATHS = (
					"$(inherited)",
					"@executable_path/Frameworks",
				);
				MARKETING_VERSION = 1.0;
				PRODUCT_BUNDLE_IDENTIFIER = com.shreyas.ForkBook;
				PRODUCT_NAME = "$(TARGET_NAME)";
				SWIFT_EMIT_LOC_STRINGS = YES;
				SWIFT_VERSION = 5.0;
				TARGETED_DEVICE_FAMILY = "1,2";
			};
			name = Debug;
		};
		I10004 /* Release */ = {
			isa = XCBuildConfiguration;
			buildSettings = {
				ASSETCATALOG_COMPILER_APPICON_NAME = AppIcon;
				ASSETCATALOG_COMPILER_GLOBAL_ACCENT_COLOR_NAME = AccentColor;
				CODE_SIGN_ENTITLEMENTS = ForkBook/ForkBook.entitlements;
				CODE_SIGN_STYLE = Automatic;
				CURRENT_PROJECT_VERSION = 2;
				DEVELOPMENT_TEAM = MNM27Y9D68;
				ENABLE_PREVIEWS = YES;
				GENERATE_INFOPLIST_FILE = YES;
				INFOPLIST_FILE = ForkBook/Info.plist;
				INFOPLIST_KEY_CFBundleDisplayName = ForkBook;
				INFOPLIST_KEY_NSLocationWhenInUseUsageDescription = "ForkBook uses your location to show nearby restaurants from your table.";
				INFOPLIST_KEY_UIApplicationSceneManifest_Generation = YES;
				INFOPLIST_KEY_UIApplicationSupportsIndirectInputEvents = YES;
				INFOPLIST_KEY_UISupportedInterfaceOrientations_iPad = "UIInterfaceOrientationPortrait UIInterfaceOrientationPortraitUpsideDown UIInterfaceOrientationLandscapeLeft UIInterfaceOrientationLandscapeRight";
				INFOPLIST_KEY_UISupportedInterfaceOrientations_iPhone = "UIInterfaceOrientationPortrait UIInterfaceOrientationLandscapeLeft UIInterfaceOrientationLandscapeRight";
				LD_RUNPATH_SEARCH_PATHS = (
					"$(inherited)",
					"@executable_path/Frameworks",
				);
				MARKETING_VERSION = 1.0;
				PRODUCT_BUNDLE_IDENTIFIER = com.shreyas.ForkBook;
				PRODUCT_NAME = "$(TARGET_NAME)";
				SWIFT_EMIT_LOC_STRINGS = YES;
				SWIFT_VERSION = 5.0;
				TARGETED_DEVICE_FAMILY = "1,2";
			};
			name = Release;
		};
/* End XCBuildConfiguration section */

/* Begin XCConfigurationList section */
		G10001 /* Build configuration list for PBXProject "ForkBook" */ = {
			isa = XCConfigurationList;
			buildConfigurations = (
				I10001 /* Debug */,
				I10002 /* Release */,
			);
			defaultConfigurationIsVisible = 0;
			defaultConfigurationName = Release;
		};
		G10003 /* Build configuration list for PBXNativeTarget "ForkBook" */ = {
			isa = XCConfigurationList;
			buildConfigurations = (
				I10003 /* Debug */,
				I10004 /* Release */,
			);
			defaultConfigurationIsVisible = 0;
			defaultConfigurationName = Release;
		};
/* End XCConfigurationList section */

/* Begin XCRemoteSwiftPackageReference section */
		C061DCB42F7A4AA100DF79BD /* XCRemoteSwiftPackageReference "firebase-ios-sdk" */ = {
			isa = XCRemoteSwiftPackageReference;
			repositoryURL = "https://github.com/firebase/firebase-ios-sdk";
			requirement = {
				kind = upToNextMajorVersion;
				minimumVersion = 12.11.0;
			};
		};
/* End XCRemoteSwiftPackageReference section */

/* Begin XCSwiftPackageProductDependency section */
		C061DCB52F7A4AC400DF79BD /* FirebaseAuth */ = {
			isa = XCSwiftPackageProductDependency;
			package = C061DCB42F7A4AA100DF79BD /* XCRemoteSwiftPackageReference "firebase-ios-sdk" */;
			productName = FirebaseAuth;
		};
		C061DCB72F7A4AC400DF79BD /* FirebaseCore */ = {
			isa = XCSwiftPackageProductDependency;
			package = C061DCB42F7A4AA100DF79BD /* XCRemoteSwiftPackageReference "firebase-ios-sdk" */;
			productName = FirebaseCore;
		};
		C061DCB92F7A4AC400DF79BD /* FirebaseFirestore */ = {
			isa = XCSwiftPackageProductDependency;
			package = C061DCB42F7A4AA100DF79BD /* XCRemoteSwiftPackageReference "firebase-ios-sdk" */;
			productName = FirebaseFirestore;
		};
		C0C13E762F7E4D4E00A5DEFC /* FirebaseFunctions */ = {
			isa = XCSwiftPackageProductDependency;
			package = C061DCB42F7A4AA100DF79BD /* XCRemoteSwiftPackageReference "firebase-ios-sdk" */;
			productName = FirebaseFunctions;
		};
/* End XCSwiftPackageProductDependency section */
	};
	rootObject = H10001 /* Project object */;
}
